[[package]]
name = "pymysql"
version = "1.0.3"
description = "Pure Python MySQL Driver"
category = "main"
optional = false
python-versions = ">=3.7"

[package.extras]
ed25519 = ["PyNaCl (>=1.4.0)"]
rsa = ["cryptography"]

[metadata]
lock-version = "1.1"
python-versions = "^3.8"
content-hash = "feb537024fdd7e70dee9acbdf80e3f702c62d53b42b7caeca5175392adb4c18d"

[metadata.files]
pymysql = [
    {file = "PyMySQL-1.0.3-py3-none-any.whl", hash = "sha256:89fc6ae41c0aeb6e1f7710cdd623702ea2c54d040565767a78b00a5ebb12f4e5"},
    {file = "PyMySQL-1.0.3.tar.gz", hash = "sha256:3dda943ef3694068a75d69d071755dbecacee1adf9a1fc5b206830d2b67d25e8"},
]
